// !$*UTF8*$!
{
	archiveVersion = 1;
	classes = {
	};
	objectVersion = 50;
	objects = {

/* Begin PBXBuildFile section */
		84A245FD21B4D72400CC051D /* AppDelegate.m in Sources */ = {isa = PBXBuildFile; fileRef = 84A245FC21B4D72400CC051D /* AppDelegate.m */; };
		84A2460021B4D72400CC051D /* ViewController.m in Sources */ = {isa = PBXBuildFile; fileRef = 84A245FF21B4D72400CC051D /* ViewController.m */; };
		84A2460321B4D72400CC051D /* Main.storyboard in Resources */ = {isa = PBXBuildFile; fileRef = 84A2460121B4D72400CC051D /* Main.storyboard */; };
		84A2460521B4D72700CC051D /* Assets.xcassets in Resources */ = {isa = PBXBuildFile; fileRef = 84A2460421B4D72700CC051D /* Assets.xcassets */; };
		84A2460821B4D72700CC051D /* LaunchScreen.storyboard in Resources */ = {isa = PBXBuildFile; fileRef = 84A2460621B4D72700CC051D /* LaunchScreen.storyboard */; };
		84A2460B21B4D72700CC051D /* main.m in Sources */ = {isa = PBXBuildFile; fileRef = 84A2460A21B4D72700CC051D /* main.m */; };
		84A2461521B4D72700CC051D /* idcardTestTests.m in Sources */ = {isa = PBXBuildFile; fileRef = 84A2461421B4D72700CC051D /* idcardTestTests.m */; };
		84A2462021B4D72700CC051D /* idcardTestUITests.m in Sources */ = {isa = PBXBuildFile; fileRef = 84A2461F21B4D72700CC051D /* idcardTestUITests.m */; };
		84A2462F21B4D77300CC051D /* XTIDCardKeyboard.m in Sources */ = {isa = PBXBuildFile; fileRef = 84A2462E21B4D77300CC051D /* XTIDCardKeyboard.m */; };
/* End PBXBuildFile section */

/* Begin PBXContainerItemProxy section */
		84A2461121B4D72700CC051D /* PBXContainerItemProxy */ = {
			isa = PBXContainerItemProxy;
			containerPortal = 84A245F021B4D72400CC051D /* Project object */;
			proxyType = 1;
			remoteGlobalIDString = 84A245F721B4D72400CC051D;
			remoteInfo = idcardTest;
		};
		84A2461C21B4D72700CC051D /* PBXContainerItemProxy */ = {
			isa = PBXContainerItemProxy;
			containerPortal = 84A245F021B4D72400CC051D /* Project object */;
			proxyType = 1;
			remoteGlobalIDString = 84A245F721B4D72400CC051D;
			remoteInfo = idcardTest;
		};
/* End PBXContainerItemProxy section */

/* Begin PBXFileReference section */
		84A245F821B4D72400CC051D /* idcardTest.app */ = {isa = PBXFileReference; explicitFileType = wrapper.application; includeInIndex = 0; path = idcardTest.app; sourceTree = BUILT_PRODUCTS_DIR; };
		84A245FB21B4D72400CC051D /* AppDelegate.h */ = {isa = PBXFileReference; lastKnownFileType = sourcecode.c.h; path = AppDelegate.h; sourceTree = "<group>"; };
		84A245FC21B4D72400CC051D /* AppDelegate.m */ = {isa = PBXFileReference; lastKnownFileType = sourcecode.c.objc; path = AppDelegate.m; sourceTree = "<group>"; };
		84A245FE21B4D72400CC051D /* ViewController.h */ = {isa = PBXFileReference; lastKnownFileType = sourcecode.c.h; path = ViewController.h; sourceTree = "<group>"; };
		84A245FF21B4D72400CC051D /* ViewController.m */ = {isa = PBXFileReference; lastKnownFileType = sourcecode.c.objc; path = ViewController.m; sourceTree = "<group>"; };
		84A2460221B4D72400CC051D /* Base */ = {isa = PBXFileReference; lastKnownFileType = file.storyboard; name = Base; path = Base.lproj/Main.storyboard; sourceTree = "<group>"; };
		84A2460421B4D72700CC051D /* Assets.xcassets */ = {isa = PBXFileReference; lastKnownFileType = folder.assetcatalog; path = Assets.xcassets; sourceTree = "<group>"; };
		84A2460721B4D72700CC051D /* Base */ = {isa = PBXFileReference; lastKnownFileType = file.storyboard; name = Base; path = Base.lproj/LaunchScreen.storyboard; sourceTree = "<group>"; };
		84A2460921B4D72700CC051D /* Info.plist */ = {isa = PBXFileReference; lastKnownFileType = text.plist.xml; path = Info.plist; sourceTree = "<group>"; };
		84A2460A21B4D72700CC051D /* main.m */ = {isa = PBXFileReference; lastKnownFileType = sourcecode.c.objc; path = main.m; sourceTree = "<group>"; };
		84A2461021B4D72700CC051D /* idcardTestTests.xctest */ = {isa = PBXFileReference; explicitFileType = wrapper.cfbundle; includeInIndex = 0; path = idcardTestTests.xctest; sourceTree = BUILT_PRODUCTS_DIR; };
		84A2461421B4D72700CC051D /* idcardTestTests.m */ = {isa = PBXFileReference; lastKnownFileType = sourcecode.c.objc; path = idcardTestTests.m; sourceTree = "<group>"; };
		84A2461621B4D72700CC051D /* Info.plist */ = {isa = PBXFileReference; lastKnownFileType = text.plist.xml; path = Info.plist; sourceTree = "<group>"; };
		84A2461B21B4D72700CC051D /* idcardTestUITests.xctest */ = {isa = PBXFileReference; explicitFileType = wrapper.cfbundle; includeInIndex = 0; path = idcardTestUITests.xctest; sourceTree = BUILT_PRODUCTS_DIR; };
		84A2461F21B4D72700CC051D /* idcardTestUITests.m */ = {isa = PBXFileReference; lastKnownFileType = sourcecode.c.objc; path = idcardTestUITests.m; sourceTree = "<group>"; };
		84A2462121B4D72700CC051D /* Info.plist */ = {isa = PBXFileReference; lastKnownFileType = text.plist.xml; path = Info.plist; sourceTree = "<group>"; };
		84A2462D21B4D77300CC051D /* XTIDCardKeyboard.h */ = {isa = PBXFileReference; lastKnownFileType = sourcecode.c.h; path = XTIDCardKeyboard.h; sourceTree = "<group>"; };
		84A2462E21B4D77300CC051D /* XTIDCardKeyboard.m */ = {isa = PBXFileReference; lastKnownFileType = sourcecode.c.objc; path = XTIDCardKeyboard.m; sourceTree = "<group>"; };
/* End PBXFileReference section */

/* Begin PBXFrameworksBuildPhase section */
		84A245F521B4D72400CC051D /* Frameworks */ = {
			isa = PBXFrameworksBuildPhase;
			buildActionMask = 2147483647;
			files = (
			);
			runOnlyForDeploymentPostprocessing = 0;
		};
		84A2460D21B4D72700CC051D /* Frameworks */ = {
			isa = PBXFrameworksBuildPhase;
			buildActionMask = 2147483647;
			files = (
			);
			runOnlyForDeploymentPostprocessing = 0;
		};
		84A2461821B4D72700CC051D /* Frameworks */ = {
			isa = PBXFrameworksBuildPhase;
			buildActionMask = 2147483647;
			files = (
			);
			runOnlyForDeploymentPostprocessing = 0;
		};
/* End PBXFrameworksBuildPhase section */

/* Begin PBXGroup section */
		84A245EF21B4D72400CC051D = {
			isa = PBXGroup;
			children = (
				84A245FA21B4D72400CC051D /* idcardTest */,
				84A2461321B4D72700CC051D /* idcardTestTests */,
				84A2461E21B4D72700CC051D /* idcardTestUITests */,
				84A245F921B4D72400CC051D /* Products */,
			);
			sourceTree = "<group>";
		};
		84A245F921B4D72400CC051D /* Products */ = {
			isa = PBXGroup;
			children = (
				84A245F821B4D72400CC051D /* idcardTest.app */,
				84A2461021B4D72700CC051D /* idcardTestTests.xctest */,
				84A2461B21B4D72700CC051D /* idcardTestUITests.xctest */,
			);
			name = Products;
			sourceTree = "<group>";
		};
		84A245FA21B4D72400CC051D /* idcardTest */ = {
			isa = PBXGroup;
			children = (
				84A245FB21B4D72400CC051D /* AppDelegate.h */,
				84A245FC21B4D72400CC051D /* AppDelegate.m */,
				84A245FE21B4D72400CC051D /* ViewController.h */,
				84A245FF21B4D72400CC051D /* ViewController.m */,
				84A2462D21B4D77300CC051D /* XTIDCardKeyboard.h */,
				84A2462E21B4D77300CC051D /* XTIDCardKeyboard.m */,
				84A2460121B4D72400CC051D /* Main.storyboard */,
				84A2460421B4D72700CC051D /* Assets.xcassets */,
				84A2460621B4D72700CC051D /* LaunchScreen.storyboard */,
				84A2460921B4D72700CC051D /* Info.plist */,
				84A2460A21B4D72700CC051D /* main.m */,
			);
			path = idcardTest;
			sourceTree = "<group>";
		};
		84A2461321B4D72700CC051D /* idcardTestTests */ = {
			isa = PBXGroup;
			children = (
				84A2461421B4D72700CC051D /* idcardTestTests.m */,
				84A2461621B4D72700CC051D /* Info.plist */,
			);
			path = idcardTestTests;
			sourceTree = "<group>";
		};
		84A2461E21B4D72700CC051D /* idcardTestUITests */ = {
			isa = PBXGroup;
			children = (
				84A2461F21B4D72700CC051D /* idcardTestUITests.m */,
				84A2462121B4D72700CC051D /* Info.plist */,
			);
			path = idcardTestUITests;
			sourceTree = "<group>";
		};
/* End PBXGroup section */

/* Begin PBXNativeTarget section */
		84A245F721B4D72400CC051D /* idcardTest */ = {
			isa = PBXNativeTarget;
			buildConfigurationList = 84A2462421B4D72700CC051D /* Build configuration list for PBXNativeTarget "idcardTest" */;
			buildPhases = (
				84A245F421B4D72400CC051D /* Sources */,
				84A245F521B4D72400CC051D /* Frameworks */,
				84A245F621B4D72400CC051D /* Resources */,
			);
			buildRules = (
			);
			dependencies = (
			);
			name = idcardTest;
			productName = idcardTest;
			productReference = 84A245F821B4D72400CC051D /* idcardTest.app */;
			productType = "com.apple.product-type.application";
		};
		84A2460F21B4D72700CC051D /* idcardTestTests */ = {
			isa = PBXNativeTarget;
			buildConfigurationList = 84A2462721B4D72700CC051D /* Build configuration list for PBXNativeTarget "idcardTestTests" */;
			buildPhases = (
				84A2460C21B4D72700CC051D /* Sources */,
				84A2460D21B4D72700CC051D /* Frameworks */,
				84A2460E21B4D72700CC051D /* Resources */,
			);
			buildRules = (
			);
			dependencies = (
				84A2461221B4D72700CC051D /* PBXTargetDependency */,
			);
			name = idcardTestTests;
			productName = idcardTestTests;
			productReference = 84A2461021B4D72700CC051D /* idcardTestTests.xctest */;
			productType = "com.apple.product-type.bundle.unit-test";
		};
		84A2461A21B4D72700CC051D /* idcardTestUITests */ = {
			isa = PBXNativeTarget;
			buildConfigurationList = 84A2462A21B4D72700CC051D /* Build configuration list for PBXNativeTarget "idcardTestUITests" */;
			buildPhases = (
				84A2461721B4D72700CC051D /* Sources */,
				84A2461821B4D72700CC051D /* Frameworks */,
				84A2461921B4D72700CC051D /* Resources */,
			);
			buildRules = (
			);
			dependencies = (
				84A2461D21B4D72700CC051D /* PBXTargetDependency */,
			);
			name = idcardTestUITests;
			productName = idcardTestUITests;
			productReference = 84A2461B21B4D72700CC051D /* idcardTestUITests.xctest */;
			productType = "com.apple.product-type.bundle.ui-testing";
		};
/* End PBXNativeTarget section */

/* Begin PBXProject section */
		84A245F021B4D72400CC051D /* Project object */ = {
			isa = PBXProject;
			attributes = {
				LastUpgradeCheck = 1010;
				ORGANIZATIONNAME = xiete;
				TargetAttributes = {
					84A245F721B4D72400CC051D = {
						CreatedOnToolsVersion = 10.1;
					};
					84A2460F21B4D72700CC051D = {
						CreatedOnToolsVersion = 10.1;
						TestTargetID = 84A245F721B4D72400CC051D;
					};
					84A2461A21B4D72700CC051D = {
						CreatedOnToolsVersion = 10.1;
						TestTargetID = 84A245F721B4D72400CC051D;
					};
				};
			};
			buildConfigurationList = 84A245F321B4D72400CC051D /* Build configuration list for PBXProject "idcardTest" */;
			compatibilityVersion = "Xcode 9.3";
			developmentRegion = en;
			hasScannedForEncodings = 0;
			knownRegions = (
				en,
				Base,
			);
			mainGroup = 84A245EF21B4D72400CC051D;
			productRefGroup = 84A245F921B4D72400CC051D /* Products */;
			projectDirPath = "";
			projectRoot = "";
			targets = (
				84A245F721B4D72400CC051D /* idcardTest */,
				84A2460F21B4D72700CC051D /* idcardTestTests */,
				84A2461A21B4D72700CC051D /* idcardTestUITests */,
			);
		};
/* End PBXProject section */

/* Begin PBXResourcesBuildPhase section */
		84A245F621B4D72400CC051D /* Resources */ = {
			isa = PBXResourcesBuildPhase;
			buildActionMask = 2147483647;
			files = (
				84A2460821B4D72700CC051D /* LaunchScreen.storyboard in Resources */,
				84A2460521B4D72700CC051D /* Assets.xcassets in Resources */,
				84A2460321B4D72400CC051D /* Main.storyboard in Resources */,
			);
			runOnlyForDeploymentPostprocessing = 0;
		};
		84A2460E21B4D72700CC051D /* Resources */ = {
			isa = PBXResourcesBuildPhase;
			buildActionMask = 2147483647;
			files = (
			);
			runOnlyForDeploymentPostprocessing = 0;
		};
		84A2461921B4D72700CC051D /* Resources */ = {
			isa = PBXResourcesBuildPhase;
			buildActionMask = 2147483647;
			files = (
			);
			runOnlyForDeploymentPostprocessing = 0;
		};
/* End PBXResourcesBuildPhase section */

/* Begin PBXSourcesBuildPhase section */
		84A245F421B4D72400CC051D /* Sources */ = {
			isa = PBXSourcesBuildPhase;
			buildActionMask = 2147483647;
			files = (
				84A2460021B4D72400CC051D /* ViewController.m in Sources */,
				84A2462F21B4D77300CC051D /* XTIDCardKeyboard.m in Sources */,
				84A2460B21B4D72700CC051D /* main.m in Sources */,
				84A245FD21B4D72400CC051D /* AppDelegate.m in Sources */,
			);
			runOnlyForDeploymentPostprocessing = 0;
		};
		84A2460C21B4D72700CC051D /* Sources */ = {
			isa = PBXSourcesBuildPhase;
			buildActionMask = 2147483647;
			files = (
				84A2461521B4D72700CC051D /* idcardTestTests.m in Sources */,
			);
			runOnlyForDeploymentPostprocessing = 0;
		};
		84A2461721B4D72700CC051D /* Sources */ = {
			isa = PBXSourcesBuildPhase;
			buildActionMask = 2147483647;
			files = (
				84A2462021B4D72700CC051D /* idcardTestUITests.m in Sources */,
			);
			runOnlyForDeploymentPostprocessing = 0;
		};
/* End PBXSourcesBuildPhase section */

/* Begin PBXTargetDependency section */
		84A2461221B4D72700CC051D /* PBXTargetDependency */ = {
			isa = PBXTargetDependency;
			target = 84A245F721B4D72400CC051D /* idcardTest */;
			targetProxy = 84A2461121B4D72700CC051D /* PBXContainerItemProxy */;
		};
		84A2461D21B4D72700CC051D /* PBXTargetDependency */ = {
			isa = PBXTargetDependency;
			target = 84A245F721B4D72400CC051D /* idcardTest */;
			targetProxy = 84A2461C21B4D72700CC051D /* PBXContainerItemProxy */;
		};
/* End PBXTargetDependency section */

/* Begin PBXVariantGroup section */
		84A2460121B4D72400CC051D /* Main.storyboard */ = {
			isa = PBXVariantGroup;
			children = (
				84A2460221B4D72400CC051D /* Base */,
			);
			name = Main.storyboard;
			sourceTree = "<group>";
		};
		84A2460621B4D72700CC051D /* LaunchScreen.storyboard */ = {
			isa = PBXVariantGroup;
			children = (
				84A2460721B4D72700CC051D /* Base */,
			);
			name = LaunchScreen.storyboard;
			sourceTree = "<group>";
		};
/* End PBXVariantGroup section */

/* Begin XCBuildConfiguration section */
		84A2462221B4D72700CC051D /* Debug */ = {
			isa = XCBuildConfiguration;
			buildSettings = {
				ALWAYS_SEARCH_USER_PATHS = NO;
				CLANG_ANALYZER_NONNULL = YES;
				CLANG_ANALYZER_NUMBER_OBJECT_CONVERSION = YES_AGGRESSIVE;
				CLANG_CXX_LANGUAGE_STANDARD = "gnu++14";
				CLANG_CXX_LIBRARY = "libc++";
				CLANG_ENABLE_MODULES = YES;
				CLANG_ENABLE_OBJC_ARC = YES;
				CLANG_ENABLE_OBJC_WEAK = YES;
				CLANG_WARN_BLOCK_CAPTURE_AUTORELEASING = YES;
				CLANG_WARN_BOOL_CONVERSION = YES;
				CLANG_WARN_COMMA = YES;
				CLANG_WARN_CONSTANT_CONVERSION = YES;
				CLANG_WARN_DEPRECATED_OBJC_IMPLEMENTATIONS = YES;
				CLANG_WARN_DIRECT_OBJC_ISA_USAGE = YES_ERROR;
				CLANG_WARN_DOCUMENTATION_COMMENTS = YES;
				CLANG_WARN_EMPTY_BODY = YES;
				CLANG_WARN_ENUM_CONVERSION = YES;
				CLANG_WARN_INFINITE_RECURSION = YES;
				CLANG_WARN_INT_CONVERSION = YES;
				CLANG_WARN_NON_LITERAL_NULL_CONVERSION = YES;
				CLANG_WARN_OBJC_IMPLICIT_RETAIN_SELF = YES;
				CLANG_WARN_OBJC_LITERAL_CONVERSION = YES;
				CLANG_WARN_OBJC_ROOT_CLASS = YES_ERROR;
				CLANG_WARN_RANGE_LOOP_ANALYSIS = YES;
				CLANG_WARN_STRICT_PROTOTYPES = YES;
				CLANG_WARN_SUSPICIOUS_MOVE = YES;
				CLANG_WARN_UNGUARDED_AVAILABILITY = YES_AGGRESSIVE;
				CLANG_WARN_UNREACHABLE_CODE = YES;
				CLANG_WARN__DUPLICATE_METHOD_MATCH = YES;
				CODE_SIGN_IDENTITY = "iPhone Developer";
				COPY_PHASE_STRIP = NO;
				DEBUG_INFORMATION_FORMAT = dwarf;
				ENABLE_STRICT_OBJC_MSGSEND = YES;
				ENABLE_TESTABILITY = YES;
				GCC_C_LANGUAGE_STANDARD = gnu11;
				GCC_DYNAMIC_NO_PIC = NO;
				GCC_NO_COMMON_BLOCKS = YES;
				GCC_OPTIMIZATION_LEVEL = 0;
				GCC_PREPROCESSOR_DEFINITIONS = (
					"DEBUG=1",
					"$(inherited)",
				);
				GCC_WARN_64_TO_32_BIT_CONVERSION = YES;
				GCC_WARN_ABOUT_RETURN_TYPE = YES_ERROR;
				GCC_WARN_UNDECLARED_SELECTOR = YES;
				GCC_WARN_UNINITIALIZED_AUTOS = YES_AGGRESSIVE;
				GCC_WARN_UNUSED_FUNCTION = YES;
				GCC_WARN_UNUSED_VARIABLE = YES;
				IPHONEOS_DEPLOYMENT_TARGET = 12.1;
				MTL_ENABLE_DEBUG_INFO = INCLUDE_SOURCE;
				MTL_FAST_MATH = YES;
				ONLY_ACTIVE_ARCH = YES;
				SDKROOT = iphoneos;
			};
			name = Debug;
		};
		84A2462321B4D72700CC051D /* Release */ = {
			isa = XCBuildConfiguration;
			buildSettings = {
				ALWAYS_SEARCH_USER_PATHS = NO;
				CLANG_ANALYZER_NONNULL = YES;
				CLANG_ANALYZER_NUMBER_OBJECT_CONVERSION = YES_AGGRESSIVE;
				CLANG_CXX_LANGUAGE_STANDARD = "gnu++14";
				CLANG_CXX_LIBRARY = "libc++";
				CLANG_ENABLE_MODULES = YES;
				CLANG_ENABLE_OBJC_ARC = YES;
				CLANG_ENABLE_OBJC_WEAK = YES;
				CLANG_WARN_BLOCK_CAPTURE_AUTORELEASING = YES;
				CLANG_WARN_BOOL_CONVERSION = YES;
				CLANG_WARN_COMMA = YES;
				CLANG_WARN_CONSTANT_CONVERSION = YES;
				CLANG_WARN_DEPRECATED_OBJC_IMPLEMENTATIONS = YES;
				CLANG_WARN_DIRECT_OBJC_ISA_USAGE = YES_ERROR;
				CLANG_WARN_DOCUMENTATION_COMMENTS = YES;
				CLANG_WARN_EMPTY_BODY = YES;
				CLANG_WARN_ENUM_CONVERSION = YES;
				CLANG_WARN_INFINITE_RECURSION = YES;
				CLANG_WARN_INT_CONVERSION = YES;
				CLANG_WARN_NON_LITERAL_NULL_CONVERSION = YES;
				CLANG_WARN_OBJC_IMPLICIT_RETAIN_SELF = YES;
				CLANG_WARN_OBJC_LITERAL_CONVERSION = YES;
				CLANG_WARN_OBJC_ROOT_CLASS = YES_ERROR;
				CLANG_WARN_RANGE_LOOP_ANALYSIS = YES;
				CLANG_WARN_STRICT_PROTOTYPES = YES;
				CLANG_WARN_SUSPICIOUS_MOVE = YES;
				CLANG_WARN_UNGUARDED_AVAILABILITY = YES_AGGRESSIVE;
				CLANG_WARN_UNREACHABLE_CODE = YES;
				CLANG_WARN__DUPLICATE_METHOD_MATCH = YES;
				CODE_SIGN_IDENTITY = "iPhone Developer";
				COPY_PHASE_STRIP = NO;
				DEBUG_INFORMATION_FORMAT = "dwarf-with-dsym";
				ENABLE_NS_ASSERTIONS = NO;
				ENABLE_STRICT_OBJC_MSGSEND = YES;
				GCC_C_LANGUAGE_STANDARD = gnu11;
				GCC_NO_COMMON_BLOCKS = YES;
				GCC_WARN_64_TO_32_BIT_CONVERSION = YES;
				GCC_WARN_ABOUT_RETURN_TYPE = YES_ERROR;
				GCC_WARN_UNDECLARED_SELECTOR = YES;
				GCC_WARN_UNINITIALIZED_AUTOS = YES_AGGRESSIVE;
				GCC_WARN_UNUSED_FUNCTION = YES;
				GCC_WARN_UNUSED_VARIABLE = YES;
				IPHONEOS_DEPLOYMENT_TARGET = 12.1;
				MTL_ENABLE_DEBUG_INFO = NO;
				MTL_FAST_MATH = YES;
				SDKROOT = iphoneos;
				VALIDATE_PRODUCT = YES;
			};
			name = Release;
		};
		84A2462521B4D72700CC051D /* Debug */ = {
			isa = XCBuildConfiguration;
			buildSettings = {
				ASSETCATALOG_COMPILER_APPICON_NAME = AppIcon;
				CODE_SIGN_STYLE = Automatic;
				DEVELOPMENT_TEAM = DGGB7G3D26;
				INFOPLIST_FILE = idcardTest/Info.plist;
				LD_RUNPATH_SEARCH_PATHS = (
					"$(inherited)",
					"@executable_path/Frameworks",
				);
				PRODUCT_BUNDLE_IDENTIFIER = com.xtxiete.idcardTest;
				PRODUCT_NAME = "$(TARGET_NAME)";
				TARGETED_DEVICE_FAMILY = "1,2";
			};
			name = Debug;
		};
		84A2462621B4D72700CC051D /* Release */ = {
			isa = XCBuildConfiguration;
			buildSettings = {
				ASSETCATALOG_COMPILER_APPICON_NAME = AppIcon;
				CODE_SIGN_STYLE = Automatic;
				DEVELOPMENT_TEAM = DGGB7G3D26;
				INFOPLIST_FILE = idcardTest/Info.plist;
				LD_RUNPATH_SEARCH_PATHS = (
					"$(inherited)",
					"@executable_path/Frameworks",
				);
				PRODUCT_BUNDLE_IDENTIFIER = com.xtxiete.idcardTest;
				PRODUCT_NAME = "$(TARGET_NAME)";
				TARGETED_DEVICE_FAMILY = "1,2";
			};
			name = Release;
		};
		84A2462821B4D72700CC051D /* Debug */ = {
			isa = XCBuildConfiguration;
			buildSettings = {
				BUNDLE_LOADER = "$(TEST_HOST)";
				CODE_SIGN_STYLE = Automatic;
				DEVELOPMENT_TEAM = DGGB7G3D26;
				INFOPLIST_FILE = idcardTestTests/Info.plist;
				LD_RUNPATH_SEARCH_PATHS = (
					"$(inherited)",
					"@executable_path/Frameworks",
					"@loader_path/Frameworks",
				);
				PRODUCT_BUNDLE_IDENTIFIER = com.xtxiete.idcardTestTests;
				PRODUCT_NAME = "$(TARGET_NAME)";
				TARGETED_DEVICE_FAMILY = "1,2";
				TEST_HOST = "$(BUILT_PRODUCTS_DIR)/idcardTest.app/idcardTest";
			};
			name = Debug;
		};
		84A2462921B4D72700CC051D /* Release */ = {
			isa = XCBuildConfiguration;
			buildSettings = {
				BUNDLE_LOADER = "$(TEST_HOST)";
				CODE_SIGN_STYLE = Automatic;
				DEVELOPMENT_TEAM = DGGB7G3D26;
				INFOPLIST_FILE = idcardTestTests/Info.plist;
				LD_RUNPATH_SEARCH_PATHS = (
					"$(inherited)",
					"@executable_path/Frameworks",
					"@loader_path/Frameworks",
				);
				PRODUCT_BUNDLE_IDENTIFIER = com.xtxiete.idcardTestTests;
				PRODUCT_NAME = "$(TARGET_NAME)";
				TARGETED_DEVICE_FAMILY = "1,2";
				TEST_HOST = "$(BUILT_PRODUCTS_DIR)/idcardTest.app/idcardTest";
			};
			name = Release;
		};
		84A2462B21B4D72700CC051D /* Debug */ = {
			isa = XCBuildConfiguration;
			buildSettings = {
				CODE_SIGN_STYLE = Automatic;
				DEVELOPMENT_TEAM = DGGB7G3D26;
				INFOPLIST_FILE = idcardTestUITests/Info.plist;
				LD_RUNPATH_SEARCH_PATHS = (
					"$(inherited)",
					"@executable_path/Frameworks",
					"@loader_path/Frameworks",
				);
				PRODUCT_BUNDLE_IDENTIFIER = com.xtxiete.idcardTestUITests;
				PRODUCT_NAME = "$(TARGET_NAME)";
				TARGETED_DEVICE_FAMILY = "1,2";
				TEST_TARGET_NAME = idcardTest;
			};
			name = Debug;
		};
		84A2462C21B4D72700CC051D /* Release */ = {
			isa = XCBuildConfiguration;
			buildSettings = {
				CODE_SIGN_STYLE = Automatic;
				DEVELOPMENT_TEAM = DGGB7G3D26;
				INFOPLIST_FILE = idcardTestUITests/Info.plist;
				LD_RUNPATH_SEARCH_PATHS = (
					"$(inherited)",
					"@executable_path/Frameworks",
					"@loader_path/Frameworks",
				);
				PRODUCT_BUNDLE_IDENTIFIER = com.xtxiete.idcardTestUITests;
				PRODUCT_NAME = "$(TARGET_NAME)";
				TARGETED_DEVICE_FAMILY = "1,2";
				TEST_TARGET_NAME = idcardTest;
			};
			name = Release;
		};
/* End XCBuildConfiguration section */

/* Begin XCConfigurationList section */
		84A245F321B4D72400CC051D /* Build configuration list for PBXProject "idcardTest" */ = {
			isa = XCConfigurationList;
			buildConfigurations = (
				84A2462221B4D72700CC051D /* Debug */,
				84A2462321B4D72700CC051D /* Release */,
			);
			defaultConfigurationIsVisible = 0;
			defaultConfigurationName = Release;
		};
		84A2462421B4D72700CC051D /* Build configuration list for PBXNativeTarget "idcardTest" */ = {
			isa = XCConfigurationList;
			buildConfigurations = (
				84A2462521B4D72700CC051D /* Debug */,
				84A2462621B4D72700CC051D /* Release */,
			);
			defaultConfigurationIsVisible = 0;
			defaultConfigurationName = Release;
		};
		84A2462721B4D72700CC051D /* Build configuration list for PBXNativeTarget "idcardTestTests" */ = {
			isa = XCConfigurationList;
			buildConfigurations = (
				84A2462821B4D72700CC051D /* Debug */,
				84A2462921B4D72700CC051D /* Release */,
			);
			defaultConfigurationIsVisible = 0;
			defaultConfigurationName = Release;
		};
		84A2462A21B4D72700CC051D /* Build configuration list for PBXNativeTarget "idcardTestUITests" */ = {
			isa = XCConfigurationList;
			buildConfigurations = (
				84A2462B21B4D72700CC051D /* Debug */,
				84A2462C21B4D72700CC051D /* Release */,
			);
			defaultConfigurationIsVisible = 0;
			defaultConfigurationName = Release;
		};
/* End XCConfigurationList section */
	};
	rootObject = 84A245F021B4D72400CC051D /* Project object */;
}
